// !$*UTF8*$!
{
	archiveVersion = 1;
	classes = {
	};
	objectVersion = 56;
	objects = {

/* Begin PBXBuildFile section */
		F306C5F12A708DF900DB97F0 /* Scan List.swift in Sources */ = {isa = PBXBuildFile; fileRef = F306C5F02A708DF900DB97F0 /* Scan List.swift */; };
		F37532042A7126C20062B74E /* Scan Card.swift in Sources */ = {isa = PBXBuildFile; fileRef = F37532032A7126C20062B74E /* Scan Card.swift */; };
		F3ABCC232A6DAB7C00C30A7C /* Scanius App.swift in Sources */ = {isa = PBXBuildFile; fileRef = F3ABCC222A6DAB7C00C30A7C /* Scanius App.swift */; };
		F3ABCC272A6DAB7E00C30A7C /* Assets.xcassets in Resources */ = {isa = PBXBuildFile; fileRef = F3ABCC262A6DAB7E00C30A7C /* Assets.xcassets */; };
		F3ABCC332A6DABB800C30A7C /* Room Plan Controller.swift in Sources */ = {isa = PBXBuildFile; fileRef = F3ABCC312A6DABB800C30A7C /* Room Plan Controller.swift */; };
		F3ABCC372A6DAED900C30A7C /* Room Plan View.swift in Sources */ = {isa = PBXBuildFile; fileRef = F3ABCC362A6DAED900C30A7C /* Room Plan View.swift */; };
		F3ABCC3A2A6DB1A800C30A7C /* ScrechKit in Frameworks */ = {isa = PBXBuildFile; productRef = F3ABCC392A6DB1A800C30A7C /* ScrechKit */; };
		F3ABCC3C2A6DBEC800C30A7C /* App Container.swift in Sources */ = {isa = PBXBuildFile; fileRef = F3ABCC3B2A6DBEC800C30A7C /* App Container.swift */; };
		F3C43C542A7133C80053D567 /* example.usdz in Resources */ = {isa = PBXBuildFile; fileRef = F3C43C532A7133C80053D567 /* example.usdz */; };
		F3E2B8322A709DB300504F1D /* Quick Look.swift in Sources */ = {isa = PBXBuildFile; fileRef = F3E2B8312A709DB300504F1D /* Quick Look.swift */; };
/* End PBXBuildFile section */

/* Begin PBXFileReference section */
		F306C5F02A708DF900DB97F0 /* Scan List.swift */ = {isa = PBXFileReference; lastKnownFileType = sourcecode.swift; path = "Scan List.swift"; sourceTree = "<group>"; };
		F35B85062A71523A00ED639B /* Scanius.entitlements */ = {isa = PBXFileReference; lastKnownFileType = text.plist.entitlements; path = Scanius.entitlements; sourceTree = "<group>"; };
		F35B85072A71573800ED639B /* Info.plist */ = {isa = PBXFileReference; lastKnownFileType = text.plist; path = Info.plist; sourceTree = "<group>"; };
		F37532032A7126C20062B74E /* Scan Card.swift */ = {isa = PBXFileReference; lastKnownFileType = sourcecode.swift; path = "Scan Card.swift"; sourceTree = "<group>"; };
		F3ABCC1F2A6DAB7C00C30A7C /* Scanius.app */ = {isa = PBXFileReference; explicitFileType = wrapper.application; includeInIndex = 0; path = Scanius.app; sourceTree = BUILT_PRODUCTS_DIR; };
		F3ABCC222A6DAB7C00C30A7C /* Scanius App.swift */ = {isa = PBXFileReference; lastKnownFileType = sourcecode.swift; path = "Scanius App.swift"; sourceTree = "<group>"; };
		F3ABCC262A6DAB7E00C30A7C /* Assets.xcassets */ = {isa = PBXFileReference; lastKnownFileType = folder.assetcatalog; path = Assets.xcassets; sourceTree = "<group>"; };
		F3ABCC312A6DABB800C30A7C /* Room Plan Controller.swift */ = {isa = PBXFileReference; fileEncoding = 4; lastKnownFileType = sourcecode.swift; path = "Room Plan Controller.swift"; sourceTree = "<group>"; };
		F3ABCC362A6DAED900C30A7C /* Room Plan View.swift */ = {isa = PBXFileReference; fileEncoding = 4; lastKnownFileType = sourcecode.swift; path = "Room Plan View.swift"; sourceTree = "<group>"; };
		F3ABCC3B2A6DBEC800C30A7C /* App Container.swift */ = {isa = PBXFileReference; lastKnownFileType = sourcecode.swift; path = "App Container.swift"; sourceTree = "<group>"; };
		F3C43C532A7133C80053D567 /* example.usdz */ = {isa = PBXFileReference; lastKnownFileType = file.usdz; path = example.usdz; sourceTree = "<group>"; };
		F3E2B8312A709DB300504F1D /* Quick Look.swift */ = {isa = PBXFileReference; lastKnownFileType = sourcecode.swift; path = "Quick Look.swift"; sourceTree = "<group>"; };
/* End PBXFileReference section */

/* Begin PBXFrameworksBuildPhase section */
		F3ABCC1C2A6DAB7C00C30A7C /* Frameworks */ = {
			isa = PBXFrameworksBuildPhase;
			buildActionMask = 2147483647;
			files = (
				F3ABCC3A2A6DB1A800C30A7C /* ScrechKit in Frameworks */,
			);
			runOnlyForDeploymentPostprocessing = 0;
		};
/* End PBXFrameworksBuildPhase section */

/* Begin PBXGroup section */
		F3ABCC162A6DAB7C00C30A7C = {
			isa = PBXGroup;
			children = (
				F3ABCC212A6DAB7C00C30A7C /* Scanius */,
				F3ABCC202A6DAB7C00C30A7C /* Products */,
			);
			sourceTree = "<group>";
		};
		F3ABCC202A6DAB7C00C30A7C /* Products */ = {
			isa = PBXGroup;
			children = (
				F3ABCC1F2A6DAB7C00C30A7C /* Scanius.app */,
			);
			name = Products;
			sourceTree = "<group>";
		};
		F3ABCC212A6DAB7C00C30A7C /* Scanius */ = {
			isa = PBXGroup;
			children = (
				F35B85072A71573800ED639B /* Info.plist */,
				F35B85062A71523A00ED639B /* Scanius.entitlements */,
				F3ABCC222A6DAB7C00C30A7C /* Scanius App.swift */,
				F3ABCC3B2A6DBEC800C30A7C /* App Container.swift */,
				F3C852592A7068DD00982350 /* Scanius */,
				F3ABCC262A6DAB7E00C30A7C /* Assets.xcassets */,
			);
			path = Scanius;
			sourceTree = "<group>";
		};
		F3C852592A7068DD00982350 /* Scanius */ = {
			isa = PBXGroup;
			children = (
				F3ABCC312A6DABB800C30A7C /* Room Plan Controller.swift */,
				F3E2B8312A709DB300504F1D /* Quick Look.swift */,
				F3ABCC362A6DAED900C30A7C /* Room Plan View.swift */,
				F306C5F02A708DF900DB97F0 /* Scan List.swift */,
				F37532032A7126C20062B74E /* Scan Card.swift */,
				F3C43C532A7133C80053D567 /* example.usdz */,
			);
			path = Scanius;
			sourceTree = "<group>";
		};
/* End PBXGroup section */

/* Begin PBXNativeTarget section */
		F3ABCC1E2A6DAB7C00C30A7C /* Scanius */ = {
			isa = PBXNativeTarget;
			buildConfigurationList = F3ABCC2D2A6DAB7E00C30A7C /* Build configuration list for PBXNativeTarget "Scanius" */;
			buildPhases = (
				F3ABCC1B2A6DAB7C00C30A7C /* Sources */,
				F3ABCC1C2A6DAB7C00C30A7C /* Frameworks */,
				F3ABCC1D2A6DAB7C00C30A7C /* Resources */,
			);
			buildRules = (
			);
			dependencies = (
			);
			name = Scanius;
			packageProductDependencies = (
				F3ABCC392A6DB1A800C30A7C /* ScrechKit */,
			);
			productName = Scanius;
			productReference = F3ABCC1F2A6DAB7C00C30A7C /* Scanius.app */;
			productType = "com.apple.product-type.application";
		};
/* End PBXNativeTarget section */

/* Begin PBXProject section */
		F3ABCC172A6DAB7C00C30A7C /* Project object */ = {
			isa = PBXProject;
			attributes = {
				BuildIndependentTargetsInParallel = 1;
				LastSwiftUpdateCheck = 1500;
				LastUpgradeCheck = 1500;
				TargetAttributes = {
					F3ABCC1E2A6DAB7C00C30A7C = {
						CreatedOnToolsVersion = 15.0;
					};
				};
			};
			buildConfigurationList = F3ABCC1A2A6DAB7C00C30A7C /* Build configuration list for PBXProject "Scanius" */;
			compatibilityVersion = "Xcode 14.0";
			developmentRegion = en;
			hasScannedForEncodings = 0;
			knownRegions = (
				en,
				Base,
			);
			mainGroup = F3ABCC162A6DAB7C00C30A7C;
			packageReferences = (
				F3ABCC382A6DB1A800C30A7C /* XCRemoteSwiftPackageReference "ScrechKit" */,
			);
			productRefGroup = F3ABCC202A6DAB7C00C30A7C /* Products */;
			projectDirPath = "";
			projectRoot = "";
			targets = (
				F3ABCC1E2A6DAB7C00C30A7C /* Scanius */,
			);
		};
/* End PBXProject section */

/* Begin PBXResourcesBuildPhase section */
		F3ABCC1D2A6DAB7C00C30A7C /* Resources */ = {
			isa = PBXResourcesBuildPhase;
			buildActionMask = 2147483647;
			files = (
				F3C43C542A7133C80053D567 /* example.usdz in Resources */,
				F3ABCC272A6DAB7E00C30A7C /* Assets.xcassets in Resources */,
			);
			runOnlyForDeploymentPostprocessing = 0;
		};
/* End PBXResourcesBuildPhase section */

/* Begin PBXSourcesBuildPhase section */
		F3ABCC1B2A6DAB7C00C30A7C /* Sources */ = {
			isa = PBXSourcesBuildPhase;
			buildActionMask = 2147483647;
			files = (
				F37532042A7126C20062B74E /* Scan Card.swift in Sources */,
				F3ABCC232A6DAB7C00C30A7C /* Scanius App.swift in Sources */,
				F3ABCC332A6DABB800C30A7C /* Room Plan Controller.swift in Sources */,
				F306C5F12A708DF900DB97F0 /* Scan List.swift in Sources */,
				F3ABCC3C2A6DBEC800C30A7C /* App Container.swift in Sources */,
				F3E2B8322A709DB300504F1D /* Quick Look.swift in Sources */,
				F3ABCC372A6DAED900C30A7C /* Room Plan View.swift in Sources */,
			);
			runOnlyForDeploymentPostprocessing = 0;
		};
/* End PBXSourcesBuildPhase section */

/* Begin XCBuildConfiguration section */
		F3ABCC2B2A6DAB7E00C30A7C /* Debug */ = {
			isa = XCBuildConfiguration;
			buildSettings = {
				ALWAYS_SEARCH_USER_PATHS = NO;
				ASSETCATALOG_COMPILER_GENERATE_SWIFT_ASSET_SYMBOL_EXTENSIONS = YES;
				CLANG_ANALYZER_NONNULL = YES;
				CLANG_ANALYZER_NUMBER_OBJECT_CONVERSION = YES_AGGRESSIVE;
				CLANG_CXX_LANGUAGE_STANDARD = "gnu++20";
				CLANG_ENABLE_MODULES = YES;
				CLANG_ENABLE_OBJC_ARC = YES;
				CLANG_ENABLE_OBJC_WEAK = YES;
				CLANG_WARN_BLOCK_CAPTURE_AUTORELEASING = YES;
				CLANG_WARN_BOOL_CONVERSION = YES;
				CLANG_WARN_COMMA = YES;
				CLANG_WARN_CONSTANT_CONVERSION = YES;
				CLANG_WARN_DEPRECATED_OBJC_IMPLEMENTATIONS = YES;
				CLANG_WARN_DIRECT_OBJC_ISA_USAGE = YES_ERROR;
				CLANG_WARN_DOCUMENTATION_COMMENTS = YES;
				CLANG_WARN_EMPTY_BODY = YES;
				CLANG_WARN_ENUM_CONVERSION = YES;
				CLANG_WARN_INFINITE_RECURSION = YES;
				CLANG_WARN_INT_CONVERSION = YES;
				CLANG_WARN_NON_LITERAL_NULL_CONVERSION = YES;
				CLANG_WARN_OBJC_IMPLICIT_RETAIN_SELF = YES;
				CLANG_WARN_OBJC_LITERAL_CONVERSION = YES;
				CLANG_WARN_OBJC_ROOT_CLASS = YES_ERROR;
				CLANG_WARN_QUOTED_INCLUDE_IN_FRAMEWORK_HEADER = YES;
				CLANG_WARN_RANGE_LOOP_ANALYSIS = YES;
				CLANG_WARN_STRICT_PROTOTYPES = YES;
				CLANG_WARN_SUSPICIOUS_MOVE = YES;
				CLANG_WARN_UNGUARDED_AVAILABILITY = YES_AGGRESSIVE;
				CLANG_WARN_UNREACHABLE_CODE = YES;
				CLANG_WARN__DUPLICATE_METHOD_MATCH = YES;
				COPY_PHASE_STRIP = NO;
				DEBUG_INFORMATION_FORMAT = dwarf;
				ENABLE_STRICT_OBJC_MSGSEND = YES;
				ENABLE_TESTABILITY = YES;
				ENABLE_USER_SCRIPT_SANDBOXING = YES;
				GCC_C_LANGUAGE_STANDARD = gnu17;
				GCC_DYNAMIC_NO_PIC = NO;
				GCC_NO_COMMON_BLOCKS = YES;
				GCC_OPTIMIZATION_LEVEL = 0;
				GCC_PREPROCESSOR_DEFINITIONS = (
					"DEBUG=1",
					"$(inherited)",
				);
				GCC_WARN_64_TO_32_BIT_CONVERSION = YES;
				GCC_WARN_ABOUT_RETURN_TYPE = YES_ERROR;
				GCC_WARN_UNDECLARED_SELECTOR = YES;
				GCC_WARN_UNINITIALIZED_AUTOS = YES_AGGRESSIVE;
				GCC_WARN_UNUSED_FUNCTION = YES;
				GCC_WARN_UNUSED_VARIABLE = YES;
				IPHONEOS_DEPLOYMENT_TARGET = 17.0;
				LOCALIZATION_PREFERS_STRING_CATALOGS = YES;
				MTL_ENABLE_DEBUG_INFO = INCLUDE_SOURCE;
				MTL_FAST_MATH = YES;
				ONLY_ACTIVE_ARCH = YES;
				SDKROOT = iphoneos;
				SWIFT_ACTIVE_COMPILATION_CONDITIONS = "DEBUG $(inherited)";
				SWIFT_OPTIMIZATION_LEVEL = "-Onone";
			};
			name = Debug;
		};
		F3ABCC2C2A6DAB7E00C30A7C /* Release */ = {
			isa = XCBuildConfiguration;
			buildSettings = {
				ALWAYS_SEARCH_USER_PATHS = NO;
				ASSETCATALOG_COMPILER_GENERATE_SWIFT_ASSET_SYMBOL_EXTENSIONS = YES;
				CLANG_ANALYZER_NONNULL = YES;
				CLANG_ANALYZER_NUMBER_OBJECT_CONVERSION = YES_AGGRESSIVE;
				CLANG_CXX_LANGUAGE_STANDARD = "gnu++20";
				CLANG_ENABLE_MODULES = YES;
				CLANG_ENABLE_OBJC_ARC = YES;
				CLANG_ENABLE_OBJC_WEAK = YES;
				CLANG_WARN_BLOCK_CAPTURE_AUTORELEASING = YES;
				CLANG_WARN_BOOL_CONVERSION = YES;
				CLANG_WARN_COMMA = YES;
				CLANG_WARN_CONSTANT_CONVERSION = YES;
				CLANG_WARN_DEPRECATED_OBJC_IMPLEMENTATIONS = YES;
				CLANG_WARN_DIRECT_OBJC_ISA_USAGE = YES_ERROR;
				CLANG_WARN_DOCUMENTATION_COMMENTS = YES;
				CLANG_WARN_EMPTY_BODY = YES;
				CLANG_WARN_ENUM_CONVERSION = YES;
				CLANG_WARN_INFINITE_RECURSION = YES;
				CLANG_WARN_INT_CONVERSION = YES;
				CLANG_WARN_NON_LITERAL_NULL_CONVERSION = YES;
				CLANG_WARN_OBJC_IMPLICIT_RETAIN_SELF = YES;
				CLANG_WARN_OBJC_LITERAL_CONVERSION = YES;
				CLANG_WARN_OBJC_ROOT_CLASS = YES_ERROR;
				CLANG_WARN_QUOTED_INCLUDE_IN_FRAMEWORK_HEADER = YES;
				CLANG_WARN_RANGE_LOOP_ANALYSIS = YES;
				CLANG_WARN_STRICT_PROTOTYPES = YES;
				CLANG_WARN_SUSPICIOUS_MOVE = YES;
				CLANG_WARN_UNGUARDED_AVAILABILITY = YES_AGGRESSIVE;
				CLANG_WARN_UNREACHABLE_CODE = YES;
				CLANG_WARN__DUPLICATE_METHOD_MATCH = YES;
				COPY_PHASE_STRIP = NO;
				DEBUG_INFORMATION_FORMAT = "dwarf-with-dsym";
				ENABLE_NS_ASSERTIONS = NO;
				ENABLE_STRICT_OBJC_MSGSEND = YES;
				ENABLE_USER_SCRIPT_SANDBOXING = YES;
				GCC_C_LANGUAGE_STANDARD = gnu17;
				GCC_NO_COMMON_BLOCKS = YES;
				GCC_WARN_64_TO_32_BIT_CONVERSION = YES;
				GCC_WARN_ABOUT_RETURN_TYPE = YES_ERROR;
				GCC_WARN_UNDECLARED_SELECTOR = YES;
				GCC_WARN_UNINITIALIZED_AUTOS = YES_AGGRESSIVE;
				GCC_WARN_UNUSED_FUNCTION = YES;
				GCC_WARN_UNUSED_VARIABLE = YES;
				IPHONEOS_DEPLOYMENT_TARGET = 17.0;
				LOCALIZATION_PREFERS_STRING_CATALOGS = YES;
				MTL_ENABLE_DEBUG_INFO = NO;
				MTL_FAST_MATH = YES;
				SDKROOT = iphoneos;
				SWIFT_COMPILATION_MODE = wholemodule;
				VALIDATE_PRODUCT = YES;
			};
			name = Release;
		};
		F3ABCC2E2A6DAB7E00C30A7C /* Debug */ = {
			isa = XCBuildConfiguration;
			buildSettings = {
				ASSETCATALOG_COMPILER_APPICON_NAME = AppIcon;
				ASSETCATALOG_COMPILER_GLOBAL_ACCENT_COLOR_NAME = AccentColor;
				CODE_SIGN_ENTITLEMENTS = Scanius/Scanius.entitlements;
				CODE_SIGN_STYLE = Automatic;
				CURRENT_PROJECT_VERSION = 0;
				DEVELOPMENT_ASSET_PATHS = "";
				DEVELOPMENT_TEAM = 8FQUA2F388;
				ENABLE_PREVIEWS = YES;
				GENERATE_INFOPLIST_FILE = YES;
				INFOPLIST_FILE = Scanius/Info.plist;
				INFOPLIST_KEY_CFBundleDisplayName = Scanius;
				INFOPLIST_KEY_LSApplicationCategoryType = "public.app-category.utilities";
				INFOPLIST_KEY_NSCameraUsageDescription = "RoomPlan API";
				INFOPLIST_KEY_UIApplicationSceneManifest_Generation = YES;
				INFOPLIST_KEY_UIApplicationSupportsIndirectInputEvents = YES;
				INFOPLIST_KEY_UILaunchScreen_Generation = YES;
				INFOPLIST_KEY_UISupportedInterfaceOrientations = "UIInterfaceOrientationLandscapeLeft UIInterfaceOrientationLandscapeRight UIInterfaceOrientationPortrait UIInterfaceOrientationPortraitUpsideDown";
				LD_RUNPATH_SEARCH_PATHS = (
					"$(inherited)",
					"@executable_path/Frameworks",
				);
				MARKETING_VERSION = 0.9;
				PRODUCT_BUNDLE_IDENTIFIER = dev.topscrech.Scanius;
				PRODUCT_NAME = "$(TARGET_NAME)";
				SUPPORTED_PLATFORMS = "iphoneos iphonesimulator";
				SUPPORTS_MACCATALYST = NO;
				SUPPORTS_MAC_DESIGNED_FOR_IPHONE_IPAD = NO;
				SUPPORTS_XR_DESIGNED_FOR_IPHONE_IPAD = NO;
				SWIFT_EMIT_LOC_STRINGS = YES;
				SWIFT_VERSION = 5.0;
				TARGETED_DEVICE_FAMILY = "1,2";
			};
			name = Debug;
		};
		F3ABCC2F2A6DAB7E00C30A7C /* Release */ = {
			isa = XCBuildConfiguration;
			buildSettings = {
				ASSETCATALOG_COMPILER_APPICON_NAME = AppIcon;
				ASSETCATALOG_COMPILER_GLOBAL_ACCENT_COLOR_NAME = AccentColor;
				CODE_SIGN_ENTITLEMENTS = Scanius/Scanius.entitlements;
				CODE_SIGN_STYLE = Automatic;
				CURRENT_PROJECT_VERSION = 0;
				DEVELOPMENT_ASSET_PATHS = "";
				DEVELOPMENT_TEAM = 8FQUA2F388;
				ENABLE_PREVIEWS = YES;
				GENERATE_INFOPLIST_FILE = YES;
				INFOPLIST_FILE = Scanius/Info.plist;
				INFOPLIST_KEY_CFBundleDisplayName = Scanius;
				INFOPLIST_KEY_LSApplicationCategoryType = "public.app-category.utilities";
				INFOPLIST_KEY_NSCameraUsageDescription = "RoomPlan API";
				INFOPLIST_KEY_UIApplicationSceneManifest_Generation = YES;
				INFOPLIST_KEY_UIApplicationSupportsIndirectInputEvents = YES;
				INFOPLIST_KEY_UILaunchScreen_Generation = YES;
				INFOPLIST_KEY_UISupportedInterfaceOrientations = "UIInterfaceOrientationLandscapeLeft UIInterfaceOrientationLandscapeRight UIInterfaceOrientationPortrait UIInterfaceOrientationPortraitUpsideDown";
				LD_RUNPATH_SEARCH_PATHS = (
					"$(inherited)",
					"@executable_path/Frameworks",
				);
				MARKETING_VERSION = 0.9;
				PRODUCT_BUNDLE_IDENTIFIER = dev.topscrech.Scanius;
				PRODUCT_NAME = "$(TARGET_NAME)";
				SUPPORTED_PLATFORMS = "iphoneos iphonesimulator";
				SUPPORTS_MACCATALYST = NO;
				SUPPORTS_MAC_DESIGNED_FOR_IPHONE_IPAD = NO;
				SUPPORTS_XR_DESIGNED_FOR_IPHONE_IPAD = NO;
				SWIFT_EMIT_LOC_STRINGS = YES;
				SWIFT_VERSION = 5.0;
				TARGETED_DEVICE_FAMILY = "1,2";
			};
			name = Release;
		};
/* End XCBuildConfiguration section */

/* Begin XCConfigurationList section */
		F3ABCC1A2A6DAB7C00C30A7C /* Build configuration list for PBXProject "Scanius" */ = {
			isa = XCConfigurationList;
			buildConfigurations = (
				F3ABCC2B2A6DAB7E00C30A7C /* Debug */,
				F3ABCC2C2A6DAB7E00C30A7C /* Release */,
			);
			defaultConfigurationIsVisible = 0;
			defaultConfigurationName = Release;
		};
		F3ABCC2D2A6DAB7E00C30A7C /* Build configuration list for PBXNativeTarget "Scanius" */ = {
			isa = XCConfigurationList;
			buildConfigurations = (
				F3ABCC2E2A6DAB7E00C30A7C /* Debug */,
				F3ABCC2F2A6DAB7E00C30A7C /* Release */,
			);
			defaultConfigurationIsVisible = 0;
			defaultConfigurationName = Release;
		};
/* End XCConfigurationList section */

/* Begin XCRemoteSwiftPackageReference section */
		F3ABCC382A6DB1A800C30A7C /* XCRemoteSwiftPackageReference "ScrechKit" */ = {
			isa = XCRemoteSwiftPackageReference;
			repositoryURL = "https://github.com/TopScrech/ScrechKit";
			requirement = {
				branch = main;
				kind = branch;
			};
		};
/* End XCRemoteSwiftPackageReference section */

/* Begin XCSwiftPackageProductDependency section */
		F3ABCC392A6DB1A800C30A7C /* ScrechKit */ = {
			isa = XCSwiftPackageProductDependency;
			package = F3ABCC382A6DB1A800C30A7C /* XCRemoteSwiftPackageReference "ScrechKit" */;
			productName = ScrechKit;
		};
/* End XCSwiftPackageProductDependency section */
	};
	rootObject = F3ABCC172A6DAB7C00C30A7C /* Project object */;
}
